
Microsoft Visual Studio Solution File, Format Version 12.00
# Visual Studio Version 16
VisualStudioVersion = 16.0.29613.14
MinimumVisualStudioVersion = 10.0.40219.1
Project("{FAE04EC0-301F-11D3-BF4B-00C04F79EFBC}") = "GeoTiffCOG", "GeoTiffCOG\GeoTiffCOG.csproj", "{AFA8AAEF-79C9-49BA-96F7-31E8079A20E5}"
EndProject
Project("{FAE04EC0-301F-11D3-BF4B-00C04F79EFBC}") = "GeoTiffCOGConsole", "GeoTiffCOGConsole\GeoTiffCOGConsole.csproj", "{CF1DD1D1-29E6-455B-8382-46494C0DFE3E}"
EndProject
Global
	GlobalSection(SolutionConfigurationPlatforms) = preSolution
		Debug|Any CPU = Debug|Any CPU
		Release|Any CPU = Release|Any CPU
	EndGlobalSection
	GlobalSection(ProjectConfigurationPlatforms) = postSolution
		{AFA8AAEF-79C9-49BA-96F7-31E8079A20E5}.Debug|Any CPU.ActiveCfg = Debug|Any CPU
		{AFA8AAEF-79C9-49BA-96F7-31E8079A20E5}.Debug|Any CPU.Build.0 = Debug|Any CPU
		{AFA8AAEF-79C9-49BA-96F7-31E8079A20E5}.Release|Any CPU.ActiveCfg = Release|Any CPU
		{AFA8AAEF-79C9-49BA-96F7-31E8079A20E5}.Release|Any CPU.Build.0 = Release|Any CPU
		{CF1DD1D1-29E6-455B-8382-46494C0DFE3E}.Debug|Any CPU.ActiveCfg = Debug|Any CPU
		{CF1DD1D1-29E6-455B-8382-46494C0DFE3E}.Debug|Any CPU.Build.0 = Debug|Any CPU
		{CF1DD1D1-29E6-455B-8382-46494C0DFE3E}.Release|Any CPU.ActiveCfg = Release|Any CPU
		{CF1DD1D1-29E6-455B-8382-46494C0DFE3E}.Release|Any CPU.Build.0 = Release|Any CPU
	EndGlobalSection
	GlobalSection(SolutionProperties) = preSolution
		HideSolutionNode = FALSE
	EndGlobalSection
	GlobalSection(ExtensibilityGlobals) = postSolution
		SolutionGuid = {5CB9D824-EC31-4125-839F-D645688A6EFC}
	EndGlobalSection
EndGlobal
